{
  "name": "space-invaders",
  "version": "1.0.0",
  "lockfileVersion": 1,
  "requires": true,
  "dependencies": {
    "amp-extend": {
      "version": "1.0.1",
      "resolved": "https://registry.npmjs.org/amp-extend/-/amp-extend-1.0.1.tgz",
      "integrity": "sha1-bFQ77mKcEWuDGFdkLw/5QKFa4f8=",
      "requires": {
        "amp-is-object": "1.0.1"
      }
    },
    "amp-is-array": {
      "version": "1.0.1",
      "resolved": "https://registry.npmjs.org/amp-is-array/-/amp-is-array-1.0.1.tgz",
      "integrity": "sha1-58QuRQGRteikirAtppzp4fmlBYw="
    },
    "amp-is-number": {
      "version": "1.0.1",
      "resolved": "https://registry.npmjs.org/amp-is-number/-/amp-is-number-1.0.1.tgz",
      "integrity": "sha1-9DDS5l0bvSzEHb2a+38D0+MooxQ="
    },
    "amp-is-object": {
      "version": "1.0.1",
      "resolved": "https://registry.npmjs.org/amp-is-object/-/amp-is-object-1.0.1.tgz",
      "integrity": "sha1-Coy1lWuREqFqc2d+jLrTe7okdwI="
    },
    "coordinate-systems": {
      "version": "1.1.0",
      "resolved": "https://registry.npmjs.org/coordinate-systems/-/coordinate-systems-1.1.0.tgz",
      "integrity": "sha1-rvKhLEjhFL3CBfYinYQP58NUy4U=",
      "requires": {
        "amp-extend": "1.0.1",
        "amp-is-array": "1.0.1",
        "amp-is-number": "1.0.1",
        "amp-is-object": "1.0.1"
      }
    }
  }
}
